
Microsoft Visual Studio Solution File, Format Version 12.00
# Visual Studio Version 17
VisualStudioVersion = 17.9.34723.18
MinimumVisualStudioVersion = 10.0.40219.1
Project("{FAE04EC0-301F-11D3-BF4B-00C04F79EFBC}") = "BlogApp", "BlogApp\BlogApp.csproj", "{6C793800-C0B0-4DEA-B3AE-D18E43F4CCEA}"
EndProject
Project("{FAE04EC0-301F-11D3-BF4B-00C04F79EFBC}") = "BlogAppTests", "BlogAppTests\BlogAppTests.csproj", "{C6DEA883-2B68-4850-915A-4D2E5325A60B}"
EndProject
Global
	GlobalSection(SolutionConfigurationPlatforms) = preSolution
		Debug|Any CPU = Debug|Any CPU
		Release|Any CPU = Release|Any CPU
	EndGlobalSection
	GlobalSection(ProjectConfigurationPlatforms) = postSolution
		{6C793800-C0B0-4DEA-B3AE-D18E43F4CCEA}.Debug|Any CPU.ActiveCfg = Debug|Any CPU
		{6C793800-C0B0-4DEA-B3AE-D18E43F4CCEA}.Debug|Any CPU.Build.0 = Debug|Any CPU
		{6C793800-C0B0-4DEA-B3AE-D18E43F4CCEA}.Release|Any CPU.ActiveCfg = Release|Any CPU
		{6C793800-C0B0-4DEA-B3AE-D18E43F4CCEA}.Release|Any CPU.Build.0 = Release|Any CPU
		{C6DEA883-2B68-4850-915A-4D2E5325A60B}.Debug|Any CPU.ActiveCfg = Debug|Any CPU
		{C6DEA883-2B68-4850-915A-4D2E5325A60B}.Debug|Any CPU.Build.0 = Debug|Any CPU
		{C6DEA883-2B68-4850-915A-4D2E5325A60B}.Release|Any CPU.ActiveCfg = Release|Any CPU
		{C6DEA883-2B68-4850-915A-4D2E5325A60B}.Release|Any CPU.Build.0 = Release|Any CPU
	EndGlobalSection
	GlobalSection(SolutionProperties) = preSolution
		HideSolutionNode = FALSE
	EndGlobalSection
	GlobalSection(ExtensibilityGlobals) = postSolution
		SolutionGuid = {5AF620F4-76F7-42B4-BEEB-338A1FA5598C}
	EndGlobalSection
EndGlobal
