
Microsoft Visual Studio Solution File, Format Version 12.00
# Visual Studio Version 17
VisualStudioVersion = 17.9.34723.18
MinimumVisualStudioVersion = 10.0.40219.1
Project("{FAE04EC0-301F-11D3-BF4B-00C04F79EFBC}") = "StudentManagementSystem", "StudentManagementSystem.csproj", "{CA022304-659B-486C-9B32-1E4E8960F4DB}"
EndProject
Global
	GlobalSection(SolutionConfigurationPlatforms) = preSolution
		Debug|Any CPU = Debug|Any CPU
		Release|Any CPU = Release|Any CPU
	EndGlobalSection
	GlobalSection(ProjectConfigurationPlatforms) = postSolution
		{CA022304-659B-486C-9B32-1E4E8960F4DB}.Debug|Any CPU.ActiveCfg = Debug|Any CPU
		{CA022304-659B-486C-9B32-1E4E8960F4DB}.Debug|Any CPU.Build.0 = Debug|Any CPU
		{CA022304-659B-486C-9B32-1E4E8960F4DB}.Release|Any CPU.ActiveCfg = Release|Any CPU
		{CA022304-659B-486C-9B32-1E4E8960F4DB}.Release|Any CPU.Build.0 = Release|Any CPU
	EndGlobalSection
	GlobalSection(SolutionProperties) = preSolution
		HideSolutionNode = FALSE
	EndGlobalSection
	GlobalSection(ExtensibilityGlobals) = postSolution
		SolutionGuid = {D8A17853-1B4D-4E35-9059-E1BA8F4F374B}
	EndGlobalSection
EndGlobal
